// !$*UTF8*$!
{
	archiveVersion = 1;
	classes = {
	};
	objectVersion = 48;
	objects = {

/* Begin PBXBuildFile section */
		0655DEDDE310C6360C4C9F94 /* Pods_bitCoin_exchange.framework in Frameworks */ = {isa = PBXBuildFile; fileRef = 50B143D5044D50B4359C7ECC /* Pods_bitCoin_exchange.framework */; };
		817DB47D20ED248500F3D76E /* AppDelegate.swift in Sources */ = {isa = PBXBuildFile; fileRef = 817DB47C20ED248500F3D76E /* AppDelegate.swift */; };
		817DB47F20ED248500F3D76E /* ViewController.swift in Sources */ = {isa = PBXBuildFile; fileRef = 817DB47E20ED248500F3D76E /* ViewController.swift */; };
		817DB48220ED248500F3D76E /* Main.storyboard in Resources */ = {isa = PBXBuildFile; fileRef = 817DB48020ED248500F3D76E /* Main.storyboard */; };
		817DB48420ED248500F3D76E /* Assets.xcassets in Resources */ = {isa = PBXBuildFile; fileRef = 817DB48320ED248500F3D76E /* Assets.xcassets */; };
		817DB48720ED248500F3D76E /* LaunchScreen.storyboard in Resources */ = {isa = PBXBuildFile; fileRef = 817DB48520ED248500F3D76E /* LaunchScreen.storyboard */; };
/* End PBXBuildFile section */

/* Begin PBXFileReference section */
		50B143D5044D50B4359C7ECC /* Pods_bitCoin_exchange.framework */ = {isa = PBXFileReference; explicitFileType = wrapper.framework; includeInIndex = 0; path = Pods_bitCoin_exchange.framework; sourceTree = BUILT_PRODUCTS_DIR; };
		817DB47920ED248500F3D76E /* bitCoin exchange.app */ = {isa = PBXFileReference; explicitFileType = wrapper.application; includeInIndex = 0; path = "bitCoin exchange.app"; sourceTree = BUILT_PRODUCTS_DIR; };
		817DB47C20ED248500F3D76E /* AppDelegate.swift */ = {isa = PBXFileReference; lastKnownFileType = sourcecode.swift; path = AppDelegate.swift; sourceTree = "<group>"; };
		817DB47E20ED248500F3D76E /* ViewController.swift */ = {isa = PBXFileReference; lastKnownFileType = sourcecode.swift; path = ViewController.swift; sourceTree = "<group>"; };
		817DB48120ED248500F3D76E /* Base */ = {isa = PBXFileReference; lastKnownFileType = file.storyboard; name = Base; path = Base.lproj/Main.storyboard; sourceTree = "<group>"; };
		817DB48320ED248500F3D76E /* Assets.xcassets */ = {isa = PBXFileReference; lastKnownFileType = folder.assetcatalog; path = Assets.xcassets; sourceTree = "<group>"; };
		817DB48620ED248500F3D76E /* Base */ = {isa = PBXFileReference; lastKnownFileType = file.storyboard; name = Base; path = Base.lproj/LaunchScreen.storyboard; sourceTree = "<group>"; };
		817DB48820ED248500F3D76E /* Info.plist */ = {isa = PBXFileReference; lastKnownFileType = text.plist.xml; path = Info.plist; sourceTree = "<group>"; };
		C11337F693CCAAADCF538D99 /* Pods-bitCoin exchange.release.xcconfig */ = {isa = PBXFileReference; includeInIndex = 1; lastKnownFileType = text.xcconfig; name = "Pods-bitCoin exchange.release.xcconfig"; path = "Pods/Target Support Files/Pods-bitCoin exchange/Pods-bitCoin exchange.release.xcconfig"; sourceTree = "<group>"; };
		CAEC1CAB17278AE8870A81A0 /* Pods-bitCoin exchange.debug.xcconfig */ = {isa = PBXFileReference; includeInIndex = 1; lastKnownFileType = text.xcconfig; name = "Pods-bitCoin exchange.debug.xcconfig"; path = "Pods/Target Support Files/Pods-bitCoin exchange/Pods-bitCoin exchange.debug.xcconfig"; sourceTree = "<group>"; };
/* End PBXFileReference section */

/* Begin PBXFrameworksBuildPhase section */
		817DB47620ED248500F3D76E /* Frameworks */ = {
			isa = PBXFrameworksBuildPhase;
			buildActionMask = 2147483647;
			files = (
				0655DEDDE310C6360C4C9F94 /* Pods_bitCoin_exchange.framework in Frameworks */,
			);
			runOnlyForDeploymentPostprocessing = 0;
		};
/* End PBXFrameworksBuildPhase section */

/* Begin PBXGroup section */
		04DD8888336788BD00AEA74E /* Pods */ = {
			isa = PBXGroup;
			children = (
				CAEC1CAB17278AE8870A81A0 /* Pods-bitCoin exchange.debug.xcconfig */,
				C11337F693CCAAADCF538D99 /* Pods-bitCoin exchange.release.xcconfig */,
			);
			name = Pods;
			sourceTree = "<group>";
		};
		77274DBD18C3DF4D4B7D29D4 /* Frameworks */ = {
			isa = PBXGroup;
			children = (
				50B143D5044D50B4359C7ECC /* Pods_bitCoin_exchange.framework */,
			);
			name = Frameworks;
			sourceTree = "<group>";
		};
		817DB47020ED248500F3D76E = {
			isa = PBXGroup;
			children = (
				817DB47B20ED248500F3D76E /* bitCoin exchange */,
				817DB47A20ED248500F3D76E /* Products */,
				04DD8888336788BD00AEA74E /* Pods */,
				77274DBD18C3DF4D4B7D29D4 /* Frameworks */,
			);
			sourceTree = "<group>";
		};
		817DB47A20ED248500F3D76E /* Products */ = {
			isa = PBXGroup;
			children = (
				817DB47920ED248500F3D76E /* bitCoin exchange.app */,
			);
			name = Products;
			sourceTree = "<group>";
		};
		817DB47B20ED248500F3D76E /* bitCoin exchange */ = {
			isa = PBXGroup;
			children = (
				817DB47C20ED248500F3D76E /* AppDelegate.swift */,
				817DB47E20ED248500F3D76E /* ViewController.swift */,
				817DB48020ED248500F3D76E /* Main.storyboard */,
				817DB48320ED248500F3D76E /* Assets.xcassets */,
				817DB48520ED248500F3D76E /* LaunchScreen.storyboard */,
				817DB48820ED248500F3D76E /* Info.plist */,
			);
			path = "bitCoin exchange";
			sourceTree = "<group>";
		};
/* End PBXGroup section */

/* Begin PBXNativeTarget section */
		817DB47820ED248500F3D76E /* bitCoin exchange */ = {
			isa = PBXNativeTarget;
			buildConfigurationList = 817DB48B20ED248500F3D76E /* Build configuration list for PBXNativeTarget "bitCoin exchange" */;
			buildPhases = (
				69277902C49B4473FDE6F903 /* [CP] Check Pods Manifest.lock */,
				817DB47520ED248500F3D76E /* Sources */,
				817DB47620ED248500F3D76E /* Frameworks */,
				817DB47720ED248500F3D76E /* Resources */,
				79FF02D2E44E2DB5A94F2F94 /* [CP] Embed Pods Frameworks */,
			);
			buildRules = (
			);
			dependencies = (
			);
			name = "bitCoin exchange";
			productName = "bitCoin exchange";
			productReference = 817DB47920ED248500F3D76E /* bitCoin exchange.app */;
			productType = "com.apple.product-type.application";
		};
/* End PBXNativeTarget section */

/* Begin PBXProject section */
		817DB47120ED248500F3D76E /* Project object */ = {
			isa = PBXProject;
			attributes = {
				LastSwiftUpdateCheck = 0900;
				LastUpgradeCheck = 0900;
				ORGANIZATIONNAME = "George Livas";
				TargetAttributes = {
					817DB47820ED248500F3D76E = {
						CreatedOnToolsVersion = 9.0;
						ProvisioningStyle = Automatic;
					};
				};
			};
			buildConfigurationList = 817DB47420ED248500F3D76E /* Build configuration list for PBXProject "bitCoin exchange" */;
			compatibilityVersion = "Xcode 8.0";
			developmentRegion = en;
			hasScannedForEncodings = 0;
			knownRegions = (
				en,
				Base,
			);
			mainGroup = 817DB47020ED248500F3D76E;
			productRefGroup = 817DB47A20ED248500F3D76E /* Products */;
			projectDirPath = "";
			projectRoot = "";
			targets = (
				817DB47820ED248500F3D76E /* bitCoin exchange */,
			);
		};
/* End PBXProject section */

/* Begin PBXResourcesBuildPhase section */
		817DB47720ED248500F3D76E /* Resources */ = {
			isa = PBXResourcesBuildPhase;
			buildActionMask = 2147483647;
			files = (
				817DB48720ED248500F3D76E /* LaunchScreen.storyboard in Resources */,
				817DB48420ED248500F3D76E /* Assets.xcassets in Resources */,
				817DB48220ED248500F3D76E /* Main.storyboard in Resources */,
			);
			runOnlyForDeploymentPostprocessing = 0;
		};
/* End PBXResourcesBuildPhase section */

/* Begin PBXShellScriptBuildPhase section */
		69277902C49B4473FDE6F903 /* [CP] Check Pods Manifest.lock */ = {
			isa = PBXShellScriptBuildPhase;
			buildActionMask = 2147483647;
			files = (
			);
			inputPaths = (
				"${PODS_PODFILE_DIR_PATH}/Podfile.lock",
				"${PODS_ROOT}/Manifest.lock",
			);
			name = "[CP] Check Pods Manifest.lock";
			outputPaths = (
				"$(DERIVED_FILE_DIR)/Pods-bitCoin exchange-checkManifestLockResult.txt",
			);
			runOnlyForDeploymentPostprocessing = 0;
			shellPath = /bin/sh;
			shellScript = "diff \"${PODS_PODFILE_DIR_PATH}/Podfile.lock\" \"${PODS_ROOT}/Manifest.lock\" > /dev/null\nif [ $? != 0 ] ; then\n    # print error to STDERR\n    echo \"error: The sandbox is not in sync with the Podfile.lock. Run 'pod install' or update your CocoaPods installation.\" >&2\n    exit 1\nfi\n# This output is used by Xcode 'outputs' to avoid re-running this script phase.\necho \"SUCCESS\" > \"${SCRIPT_OUTPUT_FILE_0}\"\n";
			showEnvVarsInLog = 0;
		};
		79FF02D2E44E2DB5A94F2F94 /* [CP] Embed Pods Frameworks */ = {
			isa = PBXShellScriptBuildPhase;
			buildActionMask = 2147483647;
			files = (
			);
			inputPaths = (
				"${SRCROOT}/Pods/Target Support Files/Pods-bitCoin exchange/Pods-bitCoin exchange-frameworks.sh",
				"${BUILT_PRODUCTS_DIR}/CryptoCurrencyKit/CryptoCurrencyKit.framework",
			);
			name = "[CP] Embed Pods Frameworks";
			outputPaths = (
				"${TARGET_BUILD_DIR}/${FRAMEWORKS_FOLDER_PATH}/CryptoCurrencyKit.framework",
			);
			runOnlyForDeploymentPostprocessing = 0;
			shellPath = /bin/sh;
			shellScript = "\"${SRCROOT}/Pods/Target Support Files/Pods-bitCoin exchange/Pods-bitCoin exchange-frameworks.sh\"\n";
			showEnvVarsInLog = 0;
		};
/* End PBXShellScriptBuildPhase section */

/* Begin PBXSourcesBuildPhase section */
		817DB47520ED248500F3D76E /* Sources */ = {
			isa = PBXSourcesBuildPhase;
			buildActionMask = 2147483647;
			files = (
				817DB47F20ED248500F3D76E /* ViewController.swift in Sources */,
				817DB47D20ED248500F3D76E /* AppDelegate.swift in Sources */,
			);
			runOnlyForDeploymentPostprocessing = 0;
		};
/* End PBXSourcesBuildPhase section */

/* Begin PBXVariantGroup section */
		817DB48020ED248500F3D76E /* Main.storyboard */ = {
			isa = PBXVariantGroup;
			children = (
				817DB48120ED248500F3D76E /* Base */,
			);
			name = Main.storyboard;
			sourceTree = "<group>";
		};
		817DB48520ED248500F3D76E /* LaunchScreen.storyboard */ = {
			isa = PBXVariantGroup;
			children = (
				817DB48620ED248500F3D76E /* Base */,
			);
			name = LaunchScreen.storyboard;
			sourceTree = "<group>";
		};
/* End PBXVariantGroup section */

/* Begin XCBuildConfiguration section */
		817DB48920ED248500F3D76E /* Debug */ = {
			isa = XCBuildConfiguration;
			buildSettings = {
				ALWAYS_SEARCH_USER_PATHS = NO;
				CLANG_ANALYZER_NONNULL = YES;
				CLANG_ANALYZER_NUMBER_OBJECT_CONVERSION = YES_AGGRESSIVE;
				CLANG_CXX_LANGUAGE_STANDARD = "gnu++14";
				CLANG_CXX_LIBRARY = "libc++";
				CLANG_ENABLE_MODULES = YES;
				CLANG_ENABLE_OBJC_ARC = YES;
				CLANG_WARN_BLOCK_CAPTURE_AUTORELEASING = YES;
				CLANG_WARN_BOOL_CONVERSION = YES;
				CLANG_WARN_COMMA = YES;
				CLANG_WARN_CONSTANT_CONVERSION = YES;
				CLANG_WARN_DIRECT_OBJC_ISA_USAGE = YES_ERROR;
				CLANG_WARN_DOCUMENTATION_COMMENTS = YES;
				CLANG_WARN_EMPTY_BODY = YES;
				CLANG_WARN_ENUM_CONVERSION = YES;
				CLANG_WARN_INFINITE_RECURSION = YES;
				CLANG_WARN_INT_CONVERSION = YES;
				CLANG_WARN_NON_LITERAL_NULL_CONVERSION = YES;
				CLANG_WARN_OBJC_LITERAL_CONVERSION = YES;
				CLANG_WARN_OBJC_ROOT_CLASS = YES_ERROR;
				CLANG_WARN_RANGE_LOOP_ANALYSIS = YES;
				CLANG_WARN_STRICT_PROTOTYPES = YES;
				CLANG_WARN_SUSPICIOUS_MOVE = YES;
				CLANG_WARN_UNGUARDED_AVAILABILITY = YES_AGGRESSIVE;
				CLANG_WARN_UNREACHABLE_CODE = YES;
				CLANG_WARN__DUPLICATE_METHOD_MATCH = YES;
				CODE_SIGN_IDENTITY = "iPhone Developer";
				COPY_PHASE_STRIP = NO;
				DEBUG_INFORMATION_FORMAT = dwarf;
				ENABLE_STRICT_OBJC_MSGSEND = YES;
				ENABLE_TESTABILITY = YES;
				GCC_C_LANGUAGE_STANDARD = gnu11;
				GCC_DYNAMIC_NO_PIC = NO;
				GCC_NO_COMMON_BLOCKS = YES;
				GCC_OPTIMIZATION_LEVEL = 0;
				GCC_PREPROCESSOR_DEFINITIONS = (
					"DEBUG=1",
					"$(inherited)",
				);
				GCC_WARN_64_TO_32_BIT_CONVERSION = YES;
				GCC_WARN_ABOUT_RETURN_TYPE = YES_ERROR;
				GCC_WARN_UNDECLARED_SELECTOR = YES;
				GCC_WARN_UNINITIALIZED_AUTOS = YES_AGGRESSIVE;
				GCC_WARN_UNUSED_FUNCTION = YES;
				GCC_WARN_UNUSED_VARIABLE = YES;
				IPHONEOS_DEPLOYMENT_TARGET = 11.0;
				MTL_ENABLE_DEBUG_INFO = YES;
				ONLY_ACTIVE_ARCH = YES;
				SDKROOT = iphoneos;
				SWIFT_ACTIVE_COMPILATION_CONDITIONS = DEBUG;
				SWIFT_OPTIMIZATION_LEVEL = "-Onone";
			};
			name = Debug;
		};
		817DB48A20ED248500F3D76E /* Release */ = {
			isa = XCBuildConfiguration;
			buildSettings = {
				ALWAYS_SEARCH_USER_PATHS = NO;
				CLANG_ANALYZER_NONNULL = YES;
				CLANG_ANALYZER_NUMBER_OBJECT_CONVERSION = YES_AGGRESSIVE;
				CLANG_CXX_LANGUAGE_STANDARD = "gnu++14";
				CLANG_CXX_LIBRARY = "libc++";
				CLANG_ENABLE_MODULES = YES;
				CLANG_ENABLE_OBJC_ARC = YES;
				CLANG_WARN_BLOCK_CAPTURE_AUTORELEASING = YES;
				CLANG_WARN_BOOL_CONVERSION = YES;
				CLANG_WARN_COMMA = YES;
				CLANG_WARN_CONSTANT_CONVERSION = YES;
				CLANG_WARN_DIRECT_OBJC_ISA_USAGE = YES_ERROR;
				CLANG_WARN_DOCUMENTATION_COMMENTS = YES;
				CLANG_WARN_EMPTY_BODY = YES;
				CLANG_WARN_ENUM_CONVERSION = YES;
				CLANG_WARN_INFINITE_RECURSION = YES;
				CLANG_WARN_INT_CONVERSION = YES;
				CLANG_WARN_NON_LITERAL_NULL_CONVERSION = YES;
				CLANG_WARN_OBJC_LITERAL_CONVERSION = YES;
				CLANG_WARN_OBJC_ROOT_CLASS = YES_ERROR;
				CLANG_WARN_RANGE_LOOP_ANALYSIS = YES;
				CLANG_WARN_STRICT_PROTOTYPES = YES;
				CLANG_WARN_SUSPICIOUS_MOVE = YES;
				CLANG_WARN_UNGUARDED_AVAILABILITY = YES_AGGRESSIVE;
				CLANG_WARN_UNREACHABLE_CODE = YES;
				CLANG_WARN__DUPLICATE_METHOD_MATCH = YES;
				CODE_SIGN_IDENTITY = "iPhone Developer";
				COPY_PHASE_STRIP = NO;
				DEBUG_INFORMATION_FORMAT = "dwarf-with-dsym";
				ENABLE_NS_ASSERTIONS = NO;
				ENABLE_STRICT_OBJC_MSGSEND = YES;
				GCC_C_LANGUAGE_STANDARD = gnu11;
				GCC_NO_COMMON_BLOCKS = YES;
				GCC_WARN_64_TO_32_BIT_CONVERSION = YES;
				GCC_WARN_ABOUT_RETURN_TYPE = YES_ERROR;
				GCC_WARN_UNDECLARED_SELECTOR = YES;
				GCC_WARN_UNINITIALIZED_AUTOS = YES_AGGRESSIVE;
				GCC_WARN_UNUSED_FUNCTION = YES;
				GCC_WARN_UNUSED_VARIABLE = YES;
				IPHONEOS_DEPLOYMENT_TARGET = 11.0;
				MTL_ENABLE_DEBUG_INFO = NO;
				SDKROOT = iphoneos;
				SWIFT_OPTIMIZATION_LEVEL = "-Owholemodule";
				VALIDATE_PRODUCT = YES;
			};
			name = Release;
		};
		817DB48C20ED248500F3D76E /* Debug */ = {
			isa = XCBuildConfiguration;
			baseConfigurationReference = CAEC1CAB17278AE8870A81A0 /* Pods-bitCoin exchange.debug.xcconfig */;
			buildSettings = {
				ASSETCATALOG_COMPILER_APPICON_NAME = AppIcon;
				CODE_SIGN_STYLE = Automatic;
				DEVELOPMENT_TEAM = 9R284WGDJB;
				INFOPLIST_FILE = "bitCoin exchange/Info.plist";
				LD_RUNPATH_SEARCH_PATHS = "$(inherited) @executable_path/Frameworks";
				PRODUCT_BUNDLE_IDENTIFIER = "com.georgelivas.bitCoin-exchange";
				PRODUCT_NAME = "$(TARGET_NAME)";
				SWIFT_VERSION = 4.0;
				TARGETED_DEVICE_FAMILY = "1,2";
			};
			name = Debug;
		};
		817DB48D20ED248500F3D76E /* Release */ = {
			isa = XCBuildConfiguration;
			baseConfigurationReference = C11337F693CCAAADCF538D99 /* Pods-bitCoin exchange.release.xcconfig */;
			buildSettings = {
				ASSETCATALOG_COMPILER_APPICON_NAME = AppIcon;
				CODE_SIGN_STYLE = Automatic;
				DEVELOPMENT_TEAM = 9R284WGDJB;
				INFOPLIST_FILE = "bitCoin exchange/Info.plist";
				LD_RUNPATH_SEARCH_PATHS = "$(inherited) @executable_path/Frameworks";
				PRODUCT_BUNDLE_IDENTIFIER = "com.georgelivas.bitCoin-exchange";
				PRODUCT_NAME = "$(TARGET_NAME)";
				SWIFT_VERSION = 4.0;
				TARGETED_DEVICE_FAMILY = "1,2";
			};
			name = Release;
		};
/* End XCBuildConfiguration section */

/* Begin XCConfigurationList section */
		817DB47420ED248500F3D76E /* Build configuration list for PBXProject "bitCoin exchange" */ = {
			isa = XCConfigurationList;
			buildConfigurations = (
				817DB48920ED248500F3D76E /* Debug */,
				817DB48A20ED248500F3D76E /* Release */,
			);
			defaultConfigurationIsVisible = 0;
			defaultConfigurationName = Release;
		};
		817DB48B20ED248500F3D76E /* Build configuration list for PBXNativeTarget "bitCoin exchange" */ = {
			isa = XCConfigurationList;
			buildConfigurations = (
				817DB48C20ED248500F3D76E /* Debug */,
				817DB48D20ED248500F3D76E /* Release */,
			);
			defaultConfigurationIsVisible = 0;
			defaultConfigurationName = Release;
		};
/* End XCConfigurationList section */
	};
	rootObject = 817DB47120ED248500F3D76E /* Project object */;
}
